
Microsoft Visual Studio Solution File, Format Version 12.00
# Visual Studio Version 16
VisualStudioVersion = 16.0.29911.84
MinimumVisualStudioVersion = 10.0.40219.1
Project("{9A19103F-16F7-4668-BE54-9A1E7A4F7556}") = "DDNS", "DDNS\DDNS.csproj", "{E4B2B434-8F65-4C4C-96BE-B2FB1294DF92}"
EndProject
Project("{FAE04EC0-301F-11D3-BF4B-00C04F79EFBC}") = "DDNS.Api", "DDNS.Api\DDNS.Api.csproj", "{4EFDCD55-62BE-48FD-944F-C40314FFB0A7}"
EndProject
Global
	GlobalSection(SolutionConfigurationPlatforms) = preSolution
		Debug|Any CPU = Debug|Any CPU
		Release|Any CPU = Release|Any CPU
	EndGlobalSection
	GlobalSection(ProjectConfigurationPlatforms) = postSolution
		{E4B2B434-8F65-4C4C-96BE-B2FB1294DF92}.Debug|Any CPU.ActiveCfg = Debug|Any CPU
		{E4B2B434-8F65-4C4C-96BE-B2FB1294DF92}.Debug|Any CPU.Build.0 = Debug|Any CPU
		{E4B2B434-8F65-4C4C-96BE-B2FB1294DF92}.Release|Any CPU.ActiveCfg = Release|Any CPU
		{E4B2B434-8F65-4C4C-96BE-B2FB1294DF92}.Release|Any CPU.Build.0 = Release|Any CPU
		{4EFDCD55-62BE-48FD-944F-C40314FFB0A7}.Debug|Any CPU.ActiveCfg = Debug|Any CPU
		{4EFDCD55-62BE-48FD-944F-C40314FFB0A7}.Debug|Any CPU.Build.0 = Debug|Any CPU
		{4EFDCD55-62BE-48FD-944F-C40314FFB0A7}.Release|Any CPU.ActiveCfg = Release|Any CPU
		{4EFDCD55-62BE-48FD-944F-C40314FFB0A7}.Release|Any CPU.Build.0 = Release|Any CPU
	EndGlobalSection
	GlobalSection(SolutionProperties) = preSolution
		HideSolutionNode = FALSE
	EndGlobalSection
	GlobalSection(ExtensibilityGlobals) = postSolution
		SolutionGuid = {C0FEFB5E-F1E5-43E3-BEF8-0F487D0D0877}
	EndGlobalSection
EndGlobal
